// !$*UTF8*$!
{
	archiveVersion = 1;
	classes = {
	};
	objectVersion = 46;
	objects = {

/* Begin PBXBuildFile section */
		930F79FA1DC9FAED00557565 /* Realm.framework in Frameworks */ = {isa = PBXBuildFile; fileRef = 930F79F81DC9FAED00557565 /* Realm.framework */; };
		930F79FB1DC9FAED00557565 /* RealmSwift.framework in Frameworks */ = {isa = PBXBuildFile; fileRef = 930F79F91DC9FAED00557565 /* RealmSwift.framework */; };
		930F79FC1DC9FAF500557565 /* Realm.framework in Embed Frameworks */ = {isa = PBXBuildFile; fileRef = 930F79F81DC9FAED00557565 /* Realm.framework */; settings = {ATTRIBUTES = (CodeSignOnCopy, RemoveHeadersOnCopy, ); }; };
		930F79FD1DC9FAF500557565 /* RealmSwift.framework in Embed Frameworks */ = {isa = PBXBuildFile; fileRef = 930F79F91DC9FAED00557565 /* RealmSwift.framework */; settings = {ATTRIBUTES = (CodeSignOnCopy, RemoveHeadersOnCopy, ); }; };
		931FEAB51DC07109001BB2C4 /* Main.storyboard in Resources */ = {isa = PBXBuildFile; fileRef = 931FEAB31DC07109001BB2C4 /* Main.storyboard */; };
		931FEAB71DC07109001BB2C4 /* Assets.xcassets in Resources */ = {isa = PBXBuildFile; fileRef = 931FEAB61DC07109001BB2C4 /* Assets.xcassets */; };
		931FEABA1DC07109001BB2C4 /* LaunchScreen.storyboard in Resources */ = {isa = PBXBuildFile; fileRef = 931FEAB81DC07109001BB2C4 /* LaunchScreen.storyboard */; };
		9348F7091DCB0B7F00411453 /* Custom.swift in Sources */ = {isa = PBXBuildFile; fileRef = 9348F7081DCB0B7F00411453 /* Custom.swift */; };
		934BC49F1DD9AADA00183197 /* UIHelper.swift in Sources */ = {isa = PBXBuildFile; fileRef = 934BC49E1DD9AADA00183197 /* UIHelper.swift */; };
		935550F21DC1CA8A00423037 /* AppDelegate.swift in Sources */ = {isa = PBXBuildFile; fileRef = 935550ED1DC1CA8A00423037 /* AppDelegate.swift */; };
		935550F31DC1CA8A00423037 /* ProjectTableViewCell.swift in Sources */ = {isa = PBXBuildFile; fileRef = 935550EE1DC1CA8A00423037 /* ProjectTableViewCell.swift */; };
		935550F51DC1CA8A00423037 /* TaskDetailViewController.swift in Sources */ = {isa = PBXBuildFile; fileRef = 935550F01DC1CA8A00423037 /* TaskDetailViewController.swift */; };
		935550F61DC1CA8A00423037 /* TaskTableViewController.swift in Sources */ = {isa = PBXBuildFile; fileRef = 935550F11DC1CA8A00423037 /* TaskTableViewController.swift */; };
		935550F81DC1CB7F00423037 /* TaskTableViewCell.swift in Sources */ = {isa = PBXBuildFile; fileRef = 935550F71DC1CB7F00423037 /* TaskTableViewCell.swift */; };
		935550FA1DC308C300423037 /* ProjectDetailViewController.swift in Sources */ = {isa = PBXBuildFile; fileRef = 935550F91DC308C300423037 /* ProjectDetailViewController.swift */; };
		937810E81DD17BD0007794D0 /* TMDetailView.swift in Sources */ = {isa = PBXBuildFile; fileRef = 937810E51DD17BD0007794D0 /* TMDetailView.swift */; };
		937810E91DD17BD0007794D0 /* TMTableView.swift in Sources */ = {isa = PBXBuildFile; fileRef = 937810E61DD17BD0007794D0 /* TMTableView.swift */; };
		937810EA1DD17BD0007794D0 /* TMTableViewCell.swift in Sources */ = {isa = PBXBuildFile; fileRef = 937810E71DD17BD0007794D0 /* TMTableViewCell.swift */; };
		93BE55A51DCC65E60081F00D /* DataNetwork.swift in Sources */ = {isa = PBXBuildFile; fileRef = 93BE55A41DCC65E60081F00D /* DataNetwork.swift */; };
		93BE55A81DCC66150081F00D /* DataCustom.swift in Sources */ = {isa = PBXBuildFile; fileRef = 93BE55A61DCC66150081F00D /* DataCustom.swift */; };
		93BE55A91DCC66150081F00D /* DataStorage.swift in Sources */ = {isa = PBXBuildFile; fileRef = 93BE55A71DCC66150081F00D /* DataStorage.swift */; };
		93D7E6D81DC70F6B008BAEF8 /* ProjectTableViewController.swift in Sources */ = {isa = PBXBuildFile; fileRef = 93D7E6D71DC70F6B008BAEF8 /* ProjectTableViewController.swift */; };
		93EE04321DCEA182006623BE /* SwiftyJSON.swift in Sources */ = {isa = PBXBuildFile; fileRef = 93EE04311DCEA182006623BE /* SwiftyJSON.swift */; };
		93EE04341DD00B2D006623BE /* EmptyViewController.swift in Sources */ = {isa = PBXBuildFile; fileRef = 93EE04331DD00B2D006623BE /* EmptyViewController.swift */; };
/* End PBXBuildFile section */

/* Begin PBXCopyFilesBuildPhase section */
		930F79ED1DC9AF6F00557565 /* Embed Frameworks */ = {
			isa = PBXCopyFilesBuildPhase;
			buildActionMask = 2147483647;
			dstPath = "";
			dstSubfolderSpec = 10;
			files = (
				930F79FC1DC9FAF500557565 /* Realm.framework in Embed Frameworks */,
				930F79FD1DC9FAF500557565 /* RealmSwift.framework in Embed Frameworks */,
			);
			name = "Embed Frameworks";
			runOnlyForDeploymentPostprocessing = 0;
		};
/* End PBXCopyFilesBuildPhase section */

/* Begin PBXFileReference section */
		930F79F81DC9FAED00557565 /* Realm.framework */ = {isa = PBXFileReference; lastKnownFileType = wrapper.framework; path = Realm.framework; sourceTree = "<group>"; };
		930F79F91DC9FAED00557565 /* RealmSwift.framework */ = {isa = PBXFileReference; lastKnownFileType = wrapper.framework; path = RealmSwift.framework; sourceTree = "<group>"; };
		931FEAA71DC07109001BB2C4 /* TaskMe.app */ = {isa = PBXFileReference; explicitFileType = wrapper.application; includeInIndex = 0; path = TaskMe.app; sourceTree = BUILT_PRODUCTS_DIR; };
		931FEAB41DC07109001BB2C4 /* Base */ = {isa = PBXFileReference; lastKnownFileType = file.storyboard; name = Base; path = Base.lproj/Main.storyboard; sourceTree = "<group>"; };
		931FEAB61DC07109001BB2C4 /* Assets.xcassets */ = {isa = PBXFileReference; lastKnownFileType = folder.assetcatalog; path = Assets.xcassets; sourceTree = "<group>"; };
		931FEAB91DC07109001BB2C4 /* Base */ = {isa = PBXFileReference; lastKnownFileType = file.storyboard; name = Base; path = Base.lproj/LaunchScreen.storyboard; sourceTree = "<group>"; };
		931FEABB1DC07109001BB2C4 /* Info.plist */ = {isa = PBXFileReference; lastKnownFileType = text.plist.xml; path = Info.plist; sourceTree = "<group>"; };
		9348F7081DCB0B7F00411453 /* Custom.swift */ = {isa = PBXFileReference; fileEncoding = 4; lastKnownFileType = sourcecode.swift; path = Custom.swift; sourceTree = "<group>"; };
		934BC49E1DD9AADA00183197 /* UIHelper.swift */ = {isa = PBXFileReference; fileEncoding = 4; lastKnownFileType = sourcecode.swift; path = UIHelper.swift; sourceTree = "<group>"; };
		935550ED1DC1CA8A00423037 /* AppDelegate.swift */ = {isa = PBXFileReference; fileEncoding = 4; lastKnownFileType = sourcecode.swift; path = AppDelegate.swift; sourceTree = "<group>"; };
		935550EE1DC1CA8A00423037 /* ProjectTableViewCell.swift */ = {isa = PBXFileReference; fileEncoding = 4; lastKnownFileType = sourcecode.swift; path = ProjectTableViewCell.swift; sourceTree = "<group>"; };
		935550F01DC1CA8A00423037 /* TaskDetailViewController.swift */ = {isa = PBXFileReference; fileEncoding = 4; lastKnownFileType = sourcecode.swift; path = TaskDetailViewController.swift; sourceTree = "<group>"; };
		935550F11DC1CA8A00423037 /* TaskTableViewController.swift */ = {isa = PBXFileReference; fileEncoding = 4; lastKnownFileType = sourcecode.swift; path = TaskTableViewController.swift; sourceTree = "<group>"; };
		935550F71DC1CB7F00423037 /* TaskTableViewCell.swift */ = {isa = PBXFileReference; fileEncoding = 4; lastKnownFileType = sourcecode.swift; path = TaskTableViewCell.swift; sourceTree = "<group>"; };
		935550F91DC308C300423037 /* ProjectDetailViewController.swift */ = {isa = PBXFileReference; fileEncoding = 4; lastKnownFileType = sourcecode.swift; path = ProjectDetailViewController.swift; sourceTree = "<group>"; };
		937810E51DD17BD0007794D0 /* TMDetailView.swift */ = {isa = PBXFileReference; fileEncoding = 4; lastKnownFileType = sourcecode.swift; path = TMDetailView.swift; sourceTree = "<group>"; };
		937810E61DD17BD0007794D0 /* TMTableView.swift */ = {isa = PBXFileReference; fileEncoding = 4; lastKnownFileType = sourcecode.swift; path = TMTableView.swift; sourceTree = "<group>"; };
		937810E71DD17BD0007794D0 /* TMTableViewCell.swift */ = {isa = PBXFileReference; fileEncoding = 4; lastKnownFileType = sourcecode.swift; path = TMTableViewCell.swift; sourceTree = "<group>"; };
		93BE55A41DCC65E60081F00D /* DataNetwork.swift */ = {isa = PBXFileReference; fileEncoding = 4; lastKnownFileType = sourcecode.swift; name = DataNetwork.swift; path = TaskMe/Data/DataNetwork.swift; sourceTree = SOURCE_ROOT; };
		93BE55A61DCC66150081F00D /* DataCustom.swift */ = {isa = PBXFileReference; fileEncoding = 4; lastKnownFileType = sourcecode.swift; name = DataCustom.swift; path = TaskMe/Data/DataCustom.swift; sourceTree = SOURCE_ROOT; };
		93BE55A71DCC66150081F00D /* DataStorage.swift */ = {isa = PBXFileReference; fileEncoding = 4; lastKnownFileType = sourcecode.swift; name = DataStorage.swift; path = TaskMe/Data/DataStorage.swift; sourceTree = SOURCE_ROOT; };
		93D7E6D71DC70F6B008BAEF8 /* ProjectTableViewController.swift */ = {isa = PBXFileReference; fileEncoding = 4; lastKnownFileType = sourcecode.swift; path = ProjectTableViewController.swift; sourceTree = "<group>"; };
		93EE04311DCEA182006623BE /* SwiftyJSON.swift */ = {isa = PBXFileReference; fileEncoding = 4; lastKnownFileType = sourcecode.swift; path = SwiftyJSON.swift; sourceTree = "<group>"; };
		93EE04331DD00B2D006623BE /* EmptyViewController.swift */ = {isa = PBXFileReference; fileEncoding = 4; lastKnownFileType = sourcecode.swift; path = EmptyViewController.swift; sourceTree = "<group>"; };
/* End PBXFileReference section */

/* Begin PBXFrameworksBuildPhase section */
		931FEAA41DC07109001BB2C4 /* Frameworks */ = {
			isa = PBXFrameworksBuildPhase;
			buildActionMask = 2147483647;
			files = (
				930F79FB1DC9FAED00557565 /* RealmSwift.framework in Frameworks */,
				930F79FA1DC9FAED00557565 /* Realm.framework in Frameworks */,
			);
			runOnlyForDeploymentPostprocessing = 0;
		};
/* End PBXFrameworksBuildPhase section */

/* Begin PBXGroup section */
		930F79F71DC9FAED00557565 /* Frameworks */ = {
			isa = PBXGroup;
			children = (
				930F79F81DC9FAED00557565 /* Realm.framework */,
				930F79F91DC9FAED00557565 /* RealmSwift.framework */,
			);
			path = Frameworks;
			sourceTree = "<group>";
		};
		931FEA9E1DC07109001BB2C4 = {
			isa = PBXGroup;
			children = (
				931FEAA91DC07109001BB2C4 /* TaskMe */,
				931FEAA81DC07109001BB2C4 /* Products */,
			);
			sourceTree = "<group>";
		};
		931FEAA81DC07109001BB2C4 /* Products */ = {
			isa = PBXGroup;
			children = (
				931FEAA71DC07109001BB2C4 /* TaskMe.app */,
			);
			name = Products;
			sourceTree = "<group>";
		};
		931FEAA91DC07109001BB2C4 /* TaskMe */ = {
			isa = PBXGroup;
			children = (
				935550EC1DC1CA8A00423037 /* Classes */,
				937810E41DD17BD0007794D0 /* TMKit */,
				931FEAFB1DC08FE0001BB2C4 /* Data */,
				93EE04301DCEA182006623BE /* SwiftyJSON */,
				930F79F71DC9FAED00557565 /* Frameworks */,
				931FEAB31DC07109001BB2C4 /* Main.storyboard */,
				931FEAB61DC07109001BB2C4 /* Assets.xcassets */,
				931FEAB81DC07109001BB2C4 /* LaunchScreen.storyboard */,
				931FEABB1DC07109001BB2C4 /* Info.plist */,
			);
			path = TaskMe;
			sourceTree = "<group>";
		};
		931FEAFB1DC08FE0001BB2C4 /* Data */ = {
			isa = PBXGroup;
			children = (
				93BE55A61DCC66150081F00D /* DataCustom.swift */,
				93BE55A71DCC66150081F00D /* DataStorage.swift */,
				93BE55A41DCC65E60081F00D /* DataNetwork.swift */,
			);
			name = Data;
			path = DataModels;
			sourceTree = "<group>";
		};
		935550EC1DC1CA8A00423037 /* Classes */ = {
			isa = PBXGroup;
			children = (
				935550ED1DC1CA8A00423037 /* AppDelegate.swift */,
				9348F7081DCB0B7F00411453 /* Custom.swift */,
				93D7E6D71DC70F6B008BAEF8 /* ProjectTableViewController.swift */,
				935550EE1DC1CA8A00423037 /* ProjectTableViewCell.swift */,
				935550F91DC308C300423037 /* ProjectDetailViewController.swift */,
				935550F11DC1CA8A00423037 /* TaskTableViewController.swift */,
				935550F71DC1CB7F00423037 /* TaskTableViewCell.swift */,
				935550F01DC1CA8A00423037 /* TaskDetailViewController.swift */,
				93EE04331DD00B2D006623BE /* EmptyViewController.swift */,
				934BC49E1DD9AADA00183197 /* UIHelper.swift */,
			);
			name = Classes;
			path = TaskMe/Classes;
			sourceTree = SOURCE_ROOT;
		};
		937810E41DD17BD0007794D0 /* TMKit */ = {
			isa = PBXGroup;
			children = (
				937810E61DD17BD0007794D0 /* TMTableView.swift */,
				937810E71DD17BD0007794D0 /* TMTableViewCell.swift */,
				937810E51DD17BD0007794D0 /* TMDetailView.swift */,
			);
			name = TMKit;
			path = TaskMe/TMKit;
			sourceTree = SOURCE_ROOT;
		};
		93EE04301DCEA182006623BE /* SwiftyJSON */ = {
			isa = PBXGroup;
			children = (
				93EE04311DCEA182006623BE /* SwiftyJSON.swift */,
			);
			path = SwiftyJSON;
			sourceTree = "<group>";
		};
/* End PBXGroup section */

/* Begin PBXNativeTarget section */
		931FEAA61DC07109001BB2C4 /* TaskMe */ = {
			isa = PBXNativeTarget;
			buildConfigurationList = 931FEABE1DC07109001BB2C4 /* Build configuration list for PBXNativeTarget "TaskMe" */;
			buildPhases = (
				931FEAA31DC07109001BB2C4 /* Sources */,
				931FEAA41DC07109001BB2C4 /* Frameworks */,
				931FEAA51DC07109001BB2C4 /* Resources */,
				930F79ED1DC9AF6F00557565 /* Embed Frameworks */,
				930F79D61DC9ADC900557565 /* ShellScript */,
			);
			buildRules = (
			);
			dependencies = (
			);
			name = TaskMe;
			productName = TaskMe;
			productReference = 931FEAA71DC07109001BB2C4 /* TaskMe.app */;
			productType = "com.apple.product-type.application";
		};
/* End PBXNativeTarget section */

/* Begin PBXProject section */
		931FEA9F1DC07109001BB2C4 /* Project object */ = {
			isa = PBXProject;
			attributes = {
				LastSwiftUpdateCheck = 0800;
				LastUpgradeCheck = 0810;
				ORGANIZATIONNAME = "Matthew Laird";
				TargetAttributes = {
					931FEAA61DC07109001BB2C4 = {
						CreatedOnToolsVersion = 8.0;
						DevelopmentTeam = P922UGYKH4;
						ProvisioningStyle = Automatic;
					};
				};
			};
			buildConfigurationList = 931FEAA21DC07109001BB2C4 /* Build configuration list for PBXProject "TaskMe" */;
			compatibilityVersion = "Xcode 3.2";
			developmentRegion = English;
			hasScannedForEncodings = 0;
			knownRegions = (
				en,
				Base,
			);
			mainGroup = 931FEA9E1DC07109001BB2C4;
			productRefGroup = 931FEAA81DC07109001BB2C4 /* Products */;
			projectDirPath = "";
			projectRoot = "";
			targets = (
				931FEAA61DC07109001BB2C4 /* TaskMe */,
			);
		};
/* End PBXProject section */

/* Begin PBXResourcesBuildPhase section */
		931FEAA51DC07109001BB2C4 /* Resources */ = {
			isa = PBXResourcesBuildPhase;
			buildActionMask = 2147483647;
			files = (
				931FEABA1DC07109001BB2C4 /* LaunchScreen.storyboard in Resources */,
				931FEAB71DC07109001BB2C4 /* Assets.xcassets in Resources */,
				931FEAB51DC07109001BB2C4 /* Main.storyboard in Resources */,
			);
			runOnlyForDeploymentPostprocessing = 0;
		};
/* End PBXResourcesBuildPhase section */

/* Begin PBXShellScriptBuildPhase section */
		930F79D61DC9ADC900557565 /* ShellScript */ = {
			isa = PBXShellScriptBuildPhase;
			buildActionMask = 2147483647;
			files = (
			);
			inputPaths = (
			);
			outputPaths = (
			);
			runOnlyForDeploymentPostprocessing = 0;
			shellPath = /bin/sh;
			shellScript = "bash \"${BUILT_PRODUCTS_DIR}/${FRAMEWORKS_FOLDER_PATH}/Realm.framework/strip-frameworks.sh\"";
		};
/* End PBXShellScriptBuildPhase section */

/* Begin PBXSourcesBuildPhase section */
		931FEAA31DC07109001BB2C4 /* Sources */ = {
			isa = PBXSourcesBuildPhase;
			buildActionMask = 2147483647;
			files = (
				937810E81DD17BD0007794D0 /* TMDetailView.swift in Sources */,
				935550F61DC1CA8A00423037 /* TaskTableViewController.swift in Sources */,
				93EE04341DD00B2D006623BE /* EmptyViewController.swift in Sources */,
				935550F81DC1CB7F00423037 /* TaskTableViewCell.swift in Sources */,
				937810EA1DD17BD0007794D0 /* TMTableViewCell.swift in Sources */,
				93EE04321DCEA182006623BE /* SwiftyJSON.swift in Sources */,
				937810E91DD17BD0007794D0 /* TMTableView.swift in Sources */,
				9348F7091DCB0B7F00411453 /* Custom.swift in Sources */,
				935550F21DC1CA8A00423037 /* AppDelegate.swift in Sources */,
				93BE55A91DCC66150081F00D /* DataStorage.swift in Sources */,
				935550FA1DC308C300423037 /* ProjectDetailViewController.swift in Sources */,
				93D7E6D81DC70F6B008BAEF8 /* ProjectTableViewController.swift in Sources */,
				934BC49F1DD9AADA00183197 /* UIHelper.swift in Sources */,
				93BE55A81DCC66150081F00D /* DataCustom.swift in Sources */,
				935550F31DC1CA8A00423037 /* ProjectTableViewCell.swift in Sources */,
				93BE55A51DCC65E60081F00D /* DataNetwork.swift in Sources */,
				935550F51DC1CA8A00423037 /* TaskDetailViewController.swift in Sources */,
			);
			runOnlyForDeploymentPostprocessing = 0;
		};
/* End PBXSourcesBuildPhase section */

/* Begin PBXVariantGroup section */
		931FEAB31DC07109001BB2C4 /* Main.storyboard */ = {
			isa = PBXVariantGroup;
			children = (
				931FEAB41DC07109001BB2C4 /* Base */,
			);
			name = Main.storyboard;
			sourceTree = "<group>";
		};
		931FEAB81DC07109001BB2C4 /* LaunchScreen.storyboard */ = {
			isa = PBXVariantGroup;
			children = (
				931FEAB91DC07109001BB2C4 /* Base */,
			);
			name = LaunchScreen.storyboard;
			sourceTree = "<group>";
		};
/* End PBXVariantGroup section */

/* Begin XCBuildConfiguration section */
		931FEABC1DC07109001BB2C4 /* Debug */ = {
			isa = XCBuildConfiguration;
			buildSettings = {
				ALWAYS_SEARCH_USER_PATHS = NO;
				CLANG_ANALYZER_NONNULL = YES;
				CLANG_CXX_LANGUAGE_STANDARD = "gnu++0x";
				CLANG_CXX_LIBRARY = "libc++";
				CLANG_ENABLE_MODULES = YES;
				CLANG_ENABLE_OBJC_ARC = YES;
				CLANG_WARN_BOOL_CONVERSION = YES;
				CLANG_WARN_CONSTANT_CONVERSION = YES;
				CLANG_WARN_DIRECT_OBJC_ISA_USAGE = YES_ERROR;
				CLANG_WARN_DOCUMENTATION_COMMENTS = YES;
				CLANG_WARN_EMPTY_BODY = YES;
				CLANG_WARN_ENUM_CONVERSION = YES;
				CLANG_WARN_INFINITE_RECURSION = YES;
				CLANG_WARN_INT_CONVERSION = YES;
				CLANG_WARN_OBJC_ROOT_CLASS = YES_ERROR;
				CLANG_WARN_SUSPICIOUS_MOVE = YES;
				CLANG_WARN_SUSPICIOUS_MOVES = YES;
				CLANG_WARN_UNREACHABLE_CODE = YES;
				CLANG_WARN__DUPLICATE_METHOD_MATCH = YES;
				"CODE_SIGN_IDENTITY[sdk=iphoneos*]" = "iPhone Developer";
				COPY_PHASE_STRIP = NO;
				DEBUG_INFORMATION_FORMAT = dwarf;
				ENABLE_STRICT_OBJC_MSGSEND = YES;
				ENABLE_TESTABILITY = YES;
				FRAMEWORK_SEARCH_PATHS = "";
				GCC_C_LANGUAGE_STANDARD = gnu99;
				GCC_DYNAMIC_NO_PIC = NO;
				GCC_NO_COMMON_BLOCKS = YES;
				GCC_OPTIMIZATION_LEVEL = 0;
				GCC_PREPROCESSOR_DEFINITIONS = (
					"DEBUG=1",
					"$(inherited)",
				);
				GCC_WARN_64_TO_32_BIT_CONVERSION = YES;
				GCC_WARN_ABOUT_RETURN_TYPE = YES_ERROR;
				GCC_WARN_UNDECLARED_SELECTOR = YES;
				GCC_WARN_UNINITIALIZED_AUTOS = YES_AGGRESSIVE;
				GCC_WARN_UNUSED_FUNCTION = YES;
				GCC_WARN_UNUSED_VARIABLE = YES;
				IPHONEOS_DEPLOYMENT_TARGET = 10.0;
				MTL_ENABLE_DEBUG_INFO = YES;
				ONLY_ACTIVE_ARCH = YES;
				SDKROOT = iphoneos;
				SWIFT_ACTIVE_COMPILATION_CONDITIONS = DEBUG;
				SWIFT_OPTIMIZATION_LEVEL = "-Onone";
				TARGETED_DEVICE_FAMILY = "1,2";
			};
			name = Debug;
		};
		931FEABD1DC07109001BB2C4 /* Release */ = {
			isa = XCBuildConfiguration;
			buildSettings = {
				ALWAYS_SEARCH_USER_PATHS = NO;
				CLANG_ANALYZER_NONNULL = YES;
				CLANG_CXX_LANGUAGE_STANDARD = "gnu++0x";
				CLANG_CXX_LIBRARY = "libc++";
				CLANG_ENABLE_MODULES = YES;
				CLANG_ENABLE_OBJC_ARC = YES;
				CLANG_WARN_BOOL_CONVERSION = YES;
				CLANG_WARN_CONSTANT_CONVERSION = YES;
				CLANG_WARN_DIRECT_OBJC_ISA_USAGE = YES_ERROR;
				CLANG_WARN_DOCUMENTATION_COMMENTS = YES;
				CLANG_WARN_EMPTY_BODY = YES;
				CLANG_WARN_ENUM_CONVERSION = YES;
				CLANG_WARN_INFINITE_RECURSION = YES;
				CLANG_WARN_INT_CONVERSION = YES;
				CLANG_WARN_OBJC_ROOT_CLASS = YES_ERROR;
				CLANG_WARN_SUSPICIOUS_MOVE = YES;
				CLANG_WARN_SUSPICIOUS_MOVES = YES;
				CLANG_WARN_UNREACHABLE_CODE = YES;
				CLANG_WARN__DUPLICATE_METHOD_MATCH = YES;
				"CODE_SIGN_IDENTITY[sdk=iphoneos*]" = "iPhone Developer";
				COPY_PHASE_STRIP = NO;
				DEBUG_INFORMATION_FORMAT = "dwarf-with-dsym";
				ENABLE_NS_ASSERTIONS = NO;
				ENABLE_STRICT_OBJC_MSGSEND = YES;
				FRAMEWORK_SEARCH_PATHS = "";
				GCC_C_LANGUAGE_STANDARD = gnu99;
				GCC_NO_COMMON_BLOCKS = YES;
				GCC_WARN_64_TO_32_BIT_CONVERSION = YES;
				GCC_WARN_ABOUT_RETURN_TYPE = YES_ERROR;
				GCC_WARN_UNDECLARED_SELECTOR = YES;
				GCC_WARN_UNINITIALIZED_AUTOS = YES_AGGRESSIVE;
				GCC_WARN_UNUSED_FUNCTION = YES;
				GCC_WARN_UNUSED_VARIABLE = YES;
				IPHONEOS_DEPLOYMENT_TARGET = 10.0;
				MTL_ENABLE_DEBUG_INFO = NO;
				SDKROOT = iphoneos;
				SWIFT_OPTIMIZATION_LEVEL = "-Owholemodule";
				TARGETED_DEVICE_FAMILY = "1,2";
				VALIDATE_PRODUCT = YES;
			};
			name = Release;
		};
		931FEABF1DC07109001BB2C4 /* Debug */ = {
			isa = XCBuildConfiguration;
			buildSettings = {
				ASSETCATALOG_COMPILER_APPICON_NAME = AppIcon;
				DEVELOPMENT_TEAM = P922UGYKH4;
				FRAMEWORK_SEARCH_PATHS = (
					"$(inherited)",
					"$(PROJECT_DIR)",
					"$(PROJECT_DIR)/TaskMe/DataModels/Frameworks",
					"$(PROJECT_DIR)/TaskMe/Frameworks",
				);
				INFOPLIST_FILE = TaskMe/Info.plist;
				IPHONEOS_DEPLOYMENT_TARGET = 10.1;
				LD_RUNPATH_SEARCH_PATHS = "$(inherited) @executable_path/Frameworks";
				OTHER_LDFLAGS = "-ObjC";
				PRODUCT_BUNDLE_IDENTIFIER = com.matthewlaird.TaskMe;
				PRODUCT_NAME = "$(TARGET_NAME)";
				SWIFT_VERSION = 3.0;
				TARGETED_DEVICE_FAMILY = "1,2";
			};
			name = Debug;
		};
		931FEAC01DC07109001BB2C4 /* Release */ = {
			isa = XCBuildConfiguration;
			buildSettings = {
				ASSETCATALOG_COMPILER_APPICON_NAME = AppIcon;
				DEVELOPMENT_TEAM = P922UGYKH4;
				FRAMEWORK_SEARCH_PATHS = (
					"$(inherited)",
					"$(PROJECT_DIR)",
					"$(PROJECT_DIR)/TaskMe/DataModels/Frameworks",
					"$(PROJECT_DIR)/TaskMe/Frameworks",
				);
				INFOPLIST_FILE = TaskMe/Info.plist;
				IPHONEOS_DEPLOYMENT_TARGET = 10.1;
				LD_RUNPATH_SEARCH_PATHS = "$(inherited) @executable_path/Frameworks";
				OTHER_LDFLAGS = "-ObjC";
				PRODUCT_BUNDLE_IDENTIFIER = com.matthewlaird.TaskMe;
				PRODUCT_NAME = "$(TARGET_NAME)";
				SWIFT_VERSION = 3.0;
				TARGETED_DEVICE_FAMILY = "1,2";
			};
			name = Release;
		};
/* End XCBuildConfiguration section */

/* Begin XCConfigurationList section */
		931FEAA21DC07109001BB2C4 /* Build configuration list for PBXProject "TaskMe" */ = {
			isa = XCConfigurationList;
			buildConfigurations = (
				931FEABC1DC07109001BB2C4 /* Debug */,
				931FEABD1DC07109001BB2C4 /* Release */,
			);
			defaultConfigurationIsVisible = 0;
			defaultConfigurationName = Release;
		};
		931FEABE1DC07109001BB2C4 /* Build configuration list for PBXNativeTarget "TaskMe" */ = {
			isa = XCConfigurationList;
			buildConfigurations = (
				931FEABF1DC07109001BB2C4 /* Debug */,
				931FEAC01DC07109001BB2C4 /* Release */,
			);
			defaultConfigurationIsVisible = 0;
			defaultConfigurationName = Release;
		};
/* End XCConfigurationList section */
	};
	rootObject = 931FEA9F1DC07109001BB2C4 /* Project object */;
}
